
Microsoft Visual Studio Solution File, Format Version 12.00
# Visual Studio Version 17
VisualStudioVersion = 17.0.31903.59
MinimumVisualStudioVersion = 10.0.40219.1
Project("{2150E333-8FDC-42A3-9474-1A3956D46DE8}") = "src", "src", "{827E0CD3-B72D-47B6-A68D-7590B98EB39B}"
EndProject
Project("{2150E333-8FDC-42A3-9474-1A3956D46DE8}") = "ApiGateway", "ApiGateway", "{FCA01246-F2C6-0AA7-D43F-FD13BE0B9D88}"
EndProject
Project("{FAE04EC0-301F-11D3-BF4B-00C04F79EFBC}") = "MarketPlace.Gateway", "src\ApiGateway\MarketPlace.Gateway\MarketPlace.Gateway.csproj", "{D132BC79-5296-4729-B5CD-EF6F87D7661C}"
EndProject
Project("{2150E333-8FDC-42A3-9474-1A3956D46DE8}") = "Shared", "Shared", "{C8E42992-5E42-0C2B-DBFE-AA848D06431C}"
EndProject
Project("{FAE04EC0-301F-11D3-BF4B-00C04F79EFBC}") = "MarketPlace.Shared.Domain", "src\Shared\MarketPlace.Shared.Domain\MarketPlace.Shared.Domain.csproj", "{78E0456B-7C61-4221-84D5-F128DF5CD165}"
EndProject
Project("{FAE04EC0-301F-11D3-BF4B-00C04F79EFBC}") = "MarketPlace.Shared.Infrastructure", "src\Shared\MarketPlace.Shared.Infrastructure\MarketPlace.Shared.Infrastructure.csproj", "{554FCEBC-5147-4308-972A-5E308B83A4F4}"
EndProject
Project("{2150E333-8FDC-42A3-9474-1A3956D46DE8}") = "Services", "Services", "{984BB9B3-3FA3-BE33-9484-CAC21695A33C}"
EndProject
Project("{2150E333-8FDC-42A3-9474-1A3956D46DE8}") = "Identity", "Identity", "{1BFC9479-12BF-35C3-06B8-42D89D95092B}"
EndProject
Project("{FAE04EC0-301F-11D3-BF4B-00C04F79EFBC}") = "MarketPlace.Identity.Contracts", "src\Services\Identity\MarketPlace.Identity.Contracts\MarketPlace.Identity.Contracts.csproj", "{7575327D-4E27-4404-91A0-D94D4E0307E9}"
EndProject
Project("{FAE04EC0-301F-11D3-BF4B-00C04F79EFBC}") = "MarketPlace.Identity.Api", "src\Services\Identity\MarketPlace.Identity.Api\MarketPlace.Identity.Api.csproj", "{1DFC9F43-8B40-4E37-93D4-1007E75810D5}"
EndProject
Project("{2150E333-8FDC-42A3-9474-1A3956D46DE8}") = "Catalog", "Catalog", "{C91C1CF1-1625-0789-F869-53D87D6277BA}"
EndProject
Project("{FAE04EC0-301F-11D3-BF4B-00C04F79EFBC}") = "MarketPlace.Catalog.Api", "src\Services\Catalog\MarketPlace.Catalog.Api\MarketPlace.Catalog.Api.csproj", "{5007DD3D-E256-44BB-B61B-717EC3F3BB8A}"
EndProject
Project("{2150E333-8FDC-42A3-9474-1A3956D46DE8}") = "Inventory", "Inventory", "{CA15E31E-CB60-F235-5CDF-2E527A86A72C}"
EndProject
Project("{FAE04EC0-301F-11D3-BF4B-00C04F79EFBC}") = "MarketPlace.Inventory.Contracts", "src\Services\Inventory\MarketPlace.Inventory.Contracts\MarketPlace.Inventory.Contracts.csproj", "{50554425-4ED7-4D13-ABDC-78CFE4D7AC9C}"
EndProject
Project("{FAE04EC0-301F-11D3-BF4B-00C04F79EFBC}") = "MarketPlace.Inventory.Domain", "src\Services\Inventory\MarketPlace.Inventory.Domain\MarketPlace.Inventory.Domain.csproj", "{4CDD927D-F712-4341-BF8C-8A42DAC039E8}"
EndProject
Project("{FAE04EC0-301F-11D3-BF4B-00C04F79EFBC}") = "MarketPlace.Inventory.Application", "src\Services\Inventory\MarketPlace.Inventory.Application\MarketPlace.Inventory.Application.csproj", "{569012BB-6CA1-40F0-8AA8-4E4F8DBBEB70}"
EndProject
Project("{FAE04EC0-301F-11D3-BF4B-00C04F79EFBC}") = "MarketPlace.Inventory.Infrastructure", "src\Services\Inventory\MarketPlace.Inventory.Infrastructure\MarketPlace.Inventory.Infrastructure.csproj", "{EC909AAF-F397-4F36-8948-11B38B478566}"
EndProject
Project("{FAE04EC0-301F-11D3-BF4B-00C04F79EFBC}") = "MarketPlace.Inventory.Api", "src\Services\Inventory\MarketPlace.Inventory.Api\MarketPlace.Inventory.Api.csproj", "{2FDDA64B-87FF-4EAF-ABB2-C5E540D3FDC6}"
EndProject
Project("{2150E333-8FDC-42A3-9474-1A3956D46DE8}") = "Order", "Order", "{B851199A-4979-E597-3D50-97AC5992BBAF}"
EndProject
Project("{FAE04EC0-301F-11D3-BF4B-00C04F79EFBC}") = "MarketPlace.Order.Contracts", "src\Services\Order\MarketPlace.Order.Contracts\MarketPlace.Order.Contracts.csproj", "{ADA21898-E884-4F78-9777-80D844C416CF}"
EndProject
Project("{FAE04EC0-301F-11D3-BF4B-00C04F79EFBC}") = "MarketPlace.Order.Domain", "src\Services\Order\MarketPlace.Order.Domain\MarketPlace.Order.Domain.csproj", "{23E1CB74-D037-404C-971C-4BFA8B923DAC}"
EndProject
Project("{FAE04EC0-301F-11D3-BF4B-00C04F79EFBC}") = "MarketPlace.Order.Application", "src\Services\Order\MarketPlace.Order.Application\MarketPlace.Order.Application.csproj", "{6C812A62-6528-4933-8069-A1893D521181}"
EndProject
Project("{FAE04EC0-301F-11D3-BF4B-00C04F79EFBC}") = "MarketPlace.Order.Infrastructure", "src\Services\Order\MarketPlace.Order.Infrastructure\MarketPlace.Order.Infrastructure.csproj", "{5B57625C-117B-4AA5-AC17-AB61C3B5C2C4}"
EndProject
Project("{FAE04EC0-301F-11D3-BF4B-00C04F79EFBC}") = "MarketPlace.Order.Api", "src\Services\Order\MarketPlace.Order.Api\MarketPlace.Order.Api.csproj", "{13F363FE-66FC-4315-A878-2646C2B5C7F8}"
EndProject
Project("{2150E333-8FDC-42A3-9474-1A3956D46DE8}") = "Payment", "Payment", "{3FB03296-F262-2760-9861-73C41AF3766C}"
EndProject
Project("{FAE04EC0-301F-11D3-BF4B-00C04F79EFBC}") = "MarketPlace.Payment.Contracts", "src\Services\Payment\MarketPlace.Payment.Contracts\MarketPlace.Payment.Contracts.csproj", "{7CC77975-FA90-40A7-A690-9FF664090715}"
EndProject
Project("{FAE04EC0-301F-11D3-BF4B-00C04F79EFBC}") = "MarketPlace.Payment.Api", "src\Services\Payment\MarketPlace.Payment.Api\MarketPlace.Payment.Api.csproj", "{58D16304-254D-4B0D-A001-AFEE4954303F}"
EndProject
Project("{2150E333-8FDC-42A3-9474-1A3956D46DE8}") = "tests", "tests", "{0AB3BF05-4346-4AA6-1389-037BE0695223}"
EndProject
Project("{FAE04EC0-301F-11D3-BF4B-00C04F79EFBC}") = "MarketPlace.Shared.Domain.UnitTests", "tests\MarketPlace.Shared.Domain.UnitTests\MarketPlace.Shared.Domain.UnitTests.csproj", "{8570FB49-3D61-430B-AD67-DD57AF9CD010}"
EndProject
Global
	GlobalSection(SolutionConfigurationPlatforms) = preSolution
		Debug|Any CPU = Debug|Any CPU
		Debug|x64 = Debug|x64
		Debug|x86 = Debug|x86
		Release|Any CPU = Release|Any CPU
		Release|x64 = Release|x64
		Release|x86 = Release|x86
	EndGlobalSection
	GlobalSection(ProjectConfigurationPlatforms) = postSolution
		{D132BC79-5296-4729-B5CD-EF6F87D7661C}.Debug|Any CPU.ActiveCfg = Debug|Any CPU
		{D132BC79-5296-4729-B5CD-EF6F87D7661C}.Debug|Any CPU.Build.0 = Debug|Any CPU
		{D132BC79-5296-4729-B5CD-EF6F87D7661C}.Debug|x64.ActiveCfg = Debug|Any CPU
		{D132BC79-5296-4729-B5CD-EF6F87D7661C}.Debug|x64.Build.0 = Debug|Any CPU
		{D132BC79-5296-4729-B5CD-EF6F87D7661C}.Debug|x86.ActiveCfg = Debug|Any CPU
		{D132BC79-5296-4729-B5CD-EF6F87D7661C}.Debug|x86.Build.0 = Debug|Any CPU
		{D132BC79-5296-4729-B5CD-EF6F87D7661C}.Release|Any CPU.ActiveCfg = Release|Any CPU
		{D132BC79-5296-4729-B5CD-EF6F87D7661C}.Release|Any CPU.Build.0 = Release|Any CPU
		{D132BC79-5296-4729-B5CD-EF6F87D7661C}.Release|x64.ActiveCfg = Release|Any CPU
		{D132BC79-5296-4729-B5CD-EF6F87D7661C}.Release|x64.Build.0 = Release|Any CPU
		{D132BC79-5296-4729-B5CD-EF6F87D7661C}.Release|x86.ActiveCfg = Release|Any CPU
		{D132BC79-5296-4729-B5CD-EF6F87D7661C}.Release|x86.Build.0 = Release|Any CPU
		{78E0456B-7C61-4221-84D5-F128DF5CD165}.Debug|Any CPU.ActiveCfg = Debug|Any CPU
		{78E0456B-7C61-4221-84D5-F128DF5CD165}.Debug|Any CPU.Build.0 = Debug|Any CPU
		{78E0456B-7C61-4221-84D5-F128DF5CD165}.Debug|x64.ActiveCfg = Debug|Any CPU
		{78E0456B-7C61-4221-84D5-F128DF5CD165}.Debug|x64.Build.0 = Debug|Any CPU
		{78E0456B-7C61-4221-84D5-F128DF5CD165}.Debug|x86.ActiveCfg = Debug|Any CPU
		{78E0456B-7C61-4221-84D5-F128DF5CD165}.Debug|x86.Build.0 = Debug|Any CPU
		{78E0456B-7C61-4221-84D5-F128DF5CD165}.Release|Any CPU.ActiveCfg = Release|Any CPU
		{78E0456B-7C61-4221-84D5-F128DF5CD165}.Release|Any CPU.Build.0 = Release|Any CPU
		{78E0456B-7C61-4221-84D5-F128DF5CD165}.Release|x64.ActiveCfg = Release|Any CPU
		{78E0456B-7C61-4221-84D5-F128DF5CD165}.Release|x64.Build.0 = Release|Any CPU
		{78E0456B-7C61-4221-84D5-F128DF5CD165}.Release|x86.ActiveCfg = Release|Any CPU
		{78E0456B-7C61-4221-84D5-F128DF5CD165}.Release|x86.Build.0 = Release|Any CPU
		{554FCEBC-5147-4308-972A-5E308B83A4F4}.Debug|Any CPU.ActiveCfg = Debug|Any CPU
		{554FCEBC-5147-4308-972A-5E308B83A4F4}.Debug|Any CPU.Build.0 = Debug|Any CPU
		{554FCEBC-5147-4308-972A-5E308B83A4F4}.Debug|x64.ActiveCfg = Debug|Any CPU
		{554FCEBC-5147-4308-972A-5E308B83A4F4}.Debug|x64.Build.0 = Debug|Any CPU
		{554FCEBC-5147-4308-972A-5E308B83A4F4}.Debug|x86.ActiveCfg = Debug|Any CPU
		{554FCEBC-5147-4308-972A-5E308B83A4F4}.Debug|x86.Build.0 = Debug|Any CPU
		{554FCEBC-5147-4308-972A-5E308B83A4F4}.Release|Any CPU.ActiveCfg = Release|Any CPU
		{554FCEBC-5147-4308-972A-5E308B83A4F4}.Release|Any CPU.Build.0 = Release|Any CPU
		{554FCEBC-5147-4308-972A-5E308B83A4F4}.Release|x64.ActiveCfg = Release|Any CPU
		{554FCEBC-5147-4308-972A-5E308B83A4F4}.Release|x64.Build.0 = Release|Any CPU
		{554FCEBC-5147-4308-972A-5E308B83A4F4}.Release|x86.ActiveCfg = Release|Any CPU
		{554FCEBC-5147-4308-972A-5E308B83A4F4}.Release|x86.Build.0 = Release|Any CPU
		{7575327D-4E27-4404-91A0-D94D4E0307E9}.Debug|Any CPU.ActiveCfg = Debug|Any CPU
		{7575327D-4E27-4404-91A0-D94D4E0307E9}.Debug|Any CPU.Build.0 = Debug|Any CPU
		{7575327D-4E27-4404-91A0-D94D4E0307E9}.Debug|x64.ActiveCfg = Debug|Any CPU
		{7575327D-4E27-4404-91A0-D94D4E0307E9}.Debug|x64.Build.0 = Debug|Any CPU
		{7575327D-4E27-4404-91A0-D94D4E0307E9}.Debug|x86.ActiveCfg = Debug|Any CPU
		{7575327D-4E27-4404-91A0-D94D4E0307E9}.Debug|x86.Build.0 = Debug|Any CPU
		{7575327D-4E27-4404-91A0-D94D4E0307E9}.Release|Any CPU.ActiveCfg = Release|Any CPU
		{7575327D-4E27-4404-91A0-D94D4E0307E9}.Release|Any CPU.Build.0 = Release|Any CPU
		{7575327D-4E27-4404-91A0-D94D4E0307E9}.Release|x64.ActiveCfg = Release|Any CPU
		{7575327D-4E27-4404-91A0-D94D4E0307E9}.Release|x64.Build.0 = Release|Any CPU
		{7575327D-4E27-4404-91A0-D94D4E0307E9}.Release|x86.ActiveCfg = Release|Any CPU
		{7575327D-4E27-4404-91A0-D94D4E0307E9}.Release|x86.Build.0 = Release|Any CPU
		{1DFC9F43-8B40-4E37-93D4-1007E75810D5}.Debug|Any CPU.ActiveCfg = Debug|Any CPU
		{1DFC9F43-8B40-4E37-93D4-1007E75810D5}.Debug|Any CPU.Build.0 = Debug|Any CPU
		{1DFC9F43-8B40-4E37-93D4-1007E75810D5}.Debug|x64.ActiveCfg = Debug|Any CPU
		{1DFC9F43-8B40-4E37-93D4-1007E75810D5}.Debug|x64.Build.0 = Debug|Any CPU
		{1DFC9F43-8B40-4E37-93D4-1007E75810D5}.Debug|x86.ActiveCfg = Debug|Any CPU
		{1DFC9F43-8B40-4E37-93D4-1007E75810D5}.Debug|x86.Build.0 = Debug|Any CPU
		{1DFC9F43-8B40-4E37-93D4-1007E75810D5}.Release|Any CPU.ActiveCfg = Release|Any CPU
		{1DFC9F43-8B40-4E37-93D4-1007E75810D5}.Release|Any CPU.Build.0 = Release|Any CPU
		{1DFC9F43-8B40-4E37-93D4-1007E75810D5}.Release|x64.ActiveCfg = Release|Any CPU
		{1DFC9F43-8B40-4E37-93D4-1007E75810D5}.Release|x64.Build.0 = Release|Any CPU
		{1DFC9F43-8B40-4E37-93D4-1007E75810D5}.Release|x86.ActiveCfg = Release|Any CPU
		{1DFC9F43-8B40-4E37-93D4-1007E75810D5}.Release|x86.Build.0 = Release|Any CPU
		{5007DD3D-E256-44BB-B61B-717EC3F3BB8A}.Debug|Any CPU.ActiveCfg = Debug|Any CPU
		{5007DD3D-E256-44BB-B61B-717EC3F3BB8A}.Debug|Any CPU.Build.0 = Debug|Any CPU
		{5007DD3D-E256-44BB-B61B-717EC3F3BB8A}.Debug|x64.ActiveCfg = Debug|Any CPU
		{5007DD3D-E256-44BB-B61B-717EC3F3BB8A}.Debug|x64.Build.0 = Debug|Any CPU
		{5007DD3D-E256-44BB-B61B-717EC3F3BB8A}.Debug|x86.ActiveCfg = Debug|Any CPU
		{5007DD3D-E256-44BB-B61B-717EC3F3BB8A}.Debug|x86.Build.0 = Debug|Any CPU
		{5007DD3D-E256-44BB-B61B-717EC3F3BB8A}.Release|Any CPU.ActiveCfg = Release|Any CPU
		{5007DD3D-E256-44BB-B61B-717EC3F3BB8A}.Release|Any CPU.Build.0 = Release|Any CPU
		{5007DD3D-E256-44BB-B61B-717EC3F3BB8A}.Release|x64.ActiveCfg = Release|Any CPU
		{5007DD3D-E256-44BB-B61B-717EC3F3BB8A}.Release|x64.Build.0 = Release|Any CPU
		{5007DD3D-E256-44BB-B61B-717EC3F3BB8A}.Release|x86.ActiveCfg = Release|Any CPU
		{5007DD3D-E256-44BB-B61B-717EC3F3BB8A}.Release|x86.Build.0 = Release|Any CPU
		{50554425-4ED7-4D13-ABDC-78CFE4D7AC9C}.Debug|Any CPU.ActiveCfg = Debug|Any CPU
		{50554425-4ED7-4D13-ABDC-78CFE4D7AC9C}.Debug|Any CPU.Build.0 = Debug|Any CPU
		{50554425-4ED7-4D13-ABDC-78CFE4D7AC9C}.Debug|x64.ActiveCfg = Debug|Any CPU
		{50554425-4ED7-4D13-ABDC-78CFE4D7AC9C}.Debug|x64.Build.0 = Debug|Any CPU
		{50554425-4ED7-4D13-ABDC-78CFE4D7AC9C}.Debug|x86.ActiveCfg = Debug|Any CPU
		{50554425-4ED7-4D13-ABDC-78CFE4D7AC9C}.Debug|x86.Build.0 = Debug|Any CPU
		{50554425-4ED7-4D13-ABDC-78CFE4D7AC9C}.Release|Any CPU.ActiveCfg = Release|Any CPU
		{50554425-4ED7-4D13-ABDC-78CFE4D7AC9C}.Release|Any CPU.Build.0 = Release|Any CPU
		{50554425-4ED7-4D13-ABDC-78CFE4D7AC9C}.Release|x64.ActiveCfg = Release|Any CPU
		{50554425-4ED7-4D13-ABDC-78CFE4D7AC9C}.Release|x64.Build.0 = Release|Any CPU
		{50554425-4ED7-4D13-ABDC-78CFE4D7AC9C}.Release|x86.ActiveCfg = Release|Any CPU
		{50554425-4ED7-4D13-ABDC-78CFE4D7AC9C}.Release|x86.Build.0 = Release|Any CPU
		{4CDD927D-F712-4341-BF8C-8A42DAC039E8}.Debug|Any CPU.ActiveCfg = Debug|Any CPU
		{4CDD927D-F712-4341-BF8C-8A42DAC039E8}.Debug|Any CPU.Build.0 = Debug|Any CPU
		{4CDD927D-F712-4341-BF8C-8A42DAC039E8}.Debug|x64.ActiveCfg = Debug|Any CPU
		{4CDD927D-F712-4341-BF8C-8A42DAC039E8}.Debug|x64.Build.0 = Debug|Any CPU
		{4CDD927D-F712-4341-BF8C-8A42DAC039E8}.Debug|x86.ActiveCfg = Debug|Any CPU
		{4CDD927D-F712-4341-BF8C-8A42DAC039E8}.Debug|x86.Build.0 = Debug|Any CPU
		{4CDD927D-F712-4341-BF8C-8A42DAC039E8}.Release|Any CPU.ActiveCfg = Release|Any CPU
		{4CDD927D-F712-4341-BF8C-8A42DAC039E8}.Release|Any CPU.Build.0 = Release|Any CPU
		{4CDD927D-F712-4341-BF8C-8A42DAC039E8}.Release|x64.ActiveCfg = Release|Any CPU
		{4CDD927D-F712-4341-BF8C-8A42DAC039E8}.Release|x64.Build.0 = Release|Any CPU
		{4CDD927D-F712-4341-BF8C-8A42DAC039E8}.Release|x86.ActiveCfg = Release|Any CPU
		{4CDD927D-F712-4341-BF8C-8A42DAC039E8}.Release|x86.Build.0 = Release|Any CPU
		{569012BB-6CA1-40F0-8AA8-4E4F8DBBEB70}.Debug|Any CPU.ActiveCfg = Debug|Any CPU
		{569012BB-6CA1-40F0-8AA8-4E4F8DBBEB70}.Debug|Any CPU.Build.0 = Debug|Any CPU
		{569012BB-6CA1-40F0-8AA8-4E4F8DBBEB70}.Debug|x64.ActiveCfg = Debug|Any CPU
		{569012BB-6CA1-40F0-8AA8-4E4F8DBBEB70}.Debug|x64.Build.0 = Debug|Any CPU
		{569012BB-6CA1-40F0-8AA8-4E4F8DBBEB70}.Debug|x86.ActiveCfg = Debug|Any CPU
		{569012BB-6CA1-40F0-8AA8-4E4F8DBBEB70}.Debug|x86.Build.0 = Debug|Any CPU
		{569012BB-6CA1-40F0-8AA8-4E4F8DBBEB70}.Release|Any CPU.ActiveCfg = Release|Any CPU
		{569012BB-6CA1-40F0-8AA8-4E4F8DBBEB70}.Release|Any CPU.Build.0 = Release|Any CPU
		{569012BB-6CA1-40F0-8AA8-4E4F8DBBEB70}.Release|x64.ActiveCfg = Release|Any CPU
		{569012BB-6CA1-40F0-8AA8-4E4F8DBBEB70}.Release|x64.Build.0 = Release|Any CPU
		{569012BB-6CA1-40F0-8AA8-4E4F8DBBEB70}.Release|x86.ActiveCfg = Release|Any CPU
		{569012BB-6CA1-40F0-8AA8-4E4F8DBBEB70}.Release|x86.Build.0 = Release|Any CPU
		{EC909AAF-F397-4F36-8948-11B38B478566}.Debug|Any CPU.ActiveCfg = Debug|Any CPU
		{EC909AAF-F397-4F36-8948-11B38B478566}.Debug|Any CPU.Build.0 = Debug|Any CPU
		{EC909AAF-F397-4F36-8948-11B38B478566}.Debug|x64.ActiveCfg = Debug|Any CPU
		{EC909AAF-F397-4F36-8948-11B38B478566}.Debug|x64.Build.0 = Debug|Any CPU
		{EC909AAF-F397-4F36-8948-11B38B478566}.Debug|x86.ActiveCfg = Debug|Any CPU
		{EC909AAF-F397-4F36-8948-11B38B478566}.Debug|x86.Build.0 = Debug|Any CPU
		{EC909AAF-F397-4F36-8948-11B38B478566}.Release|Any CPU.ActiveCfg = Release|Any CPU
		{EC909AAF-F397-4F36-8948-11B38B478566}.Release|Any CPU.Build.0 = Release|Any CPU
		{EC909AAF-F397-4F36-8948-11B38B478566}.Release|x64.ActiveCfg = Release|Any CPU
		{EC909AAF-F397-4F36-8948-11B38B478566}.Release|x64.Build.0 = Release|Any CPU
		{EC909AAF-F397-4F36-8948-11B38B478566}.Release|x86.ActiveCfg = Release|Any CPU
		{EC909AAF-F397-4F36-8948-11B38B478566}.Release|x86.Build.0 = Release|Any CPU
		{2FDDA64B-87FF-4EAF-ABB2-C5E540D3FDC6}.Debug|Any CPU.ActiveCfg = Debug|Any CPU
		{2FDDA64B-87FF-4EAF-ABB2-C5E540D3FDC6}.Debug|Any CPU.Build.0 = Debug|Any CPU
		{2FDDA64B-87FF-4EAF-ABB2-C5E540D3FDC6}.Debug|x64.ActiveCfg = Debug|Any CPU
		{2FDDA64B-87FF-4EAF-ABB2-C5E540D3FDC6}.Debug|x64.Build.0 = Debug|Any CPU
		{2FDDA64B-87FF-4EAF-ABB2-C5E540D3FDC6}.Debug|x86.ActiveCfg = Debug|Any CPU
		{2FDDA64B-87FF-4EAF-ABB2-C5E540D3FDC6}.Debug|x86.Build.0 = Debug|Any CPU
		{2FDDA64B-87FF-4EAF-ABB2-C5E540D3FDC6}.Release|Any CPU.ActiveCfg = Release|Any CPU
		{2FDDA64B-87FF-4EAF-ABB2-C5E540D3FDC6}.Release|Any CPU.Build.0 = Release|Any CPU
		{2FDDA64B-87FF-4EAF-ABB2-C5E540D3FDC6}.Release|x64.ActiveCfg = Release|Any CPU
		{2FDDA64B-87FF-4EAF-ABB2-C5E540D3FDC6}.Release|x64.Build.0 = Release|Any CPU
		{2FDDA64B-87FF-4EAF-ABB2-C5E540D3FDC6}.Release|x86.ActiveCfg = Release|Any CPU
		{2FDDA64B-87FF-4EAF-ABB2-C5E540D3FDC6}.Release|x86.Build.0 = Release|Any CPU
		{ADA21898-E884-4F78-9777-80D844C416CF}.Debug|Any CPU.ActiveCfg = Debug|Any CPU
		{ADA21898-E884-4F78-9777-80D844C416CF}.Debug|Any CPU.Build.0 = Debug|Any CPU
		{ADA21898-E884-4F78-9777-80D844C416CF}.Debug|x64.ActiveCfg = Debug|Any CPU
		{ADA21898-E884-4F78-9777-80D844C416CF}.Debug|x64.Build.0 = Debug|Any CPU
		{ADA21898-E884-4F78-9777-80D844C416CF}.Debug|x86.ActiveCfg = Debug|Any CPU
		{ADA21898-E884-4F78-9777-80D844C416CF}.Debug|x86.Build.0 = Debug|Any CPU
		{ADA21898-E884-4F78-9777-80D844C416CF}.Release|Any CPU.ActiveCfg = Release|Any CPU
		{ADA21898-E884-4F78-9777-80D844C416CF}.Release|Any CPU.Build.0 = Release|Any CPU
		{ADA21898-E884-4F78-9777-80D844C416CF}.Release|x64.ActiveCfg = Release|Any CPU
		{ADA21898-E884-4F78-9777-80D844C416CF}.Release|x64.Build.0 = Release|Any CPU
		{ADA21898-E884-4F78-9777-80D844C416CF}.Release|x86.ActiveCfg = Release|Any CPU
		{ADA21898-E884-4F78-9777-80D844C416CF}.Release|x86.Build.0 = Release|Any CPU
		{23E1CB74-D037-404C-971C-4BFA8B923DAC}.Debug|Any CPU.ActiveCfg = Debug|Any CPU
		{23E1CB74-D037-404C-971C-4BFA8B923DAC}.Debug|Any CPU.Build.0 = Debug|Any CPU
		{23E1CB74-D037-404C-971C-4BFA8B923DAC}.Debug|x64.ActiveCfg = Debug|Any CPU
		{23E1CB74-D037-404C-971C-4BFA8B923DAC}.Debug|x64.Build.0 = Debug|Any CPU
		{23E1CB74-D037-404C-971C-4BFA8B923DAC}.Debug|x86.ActiveCfg = Debug|Any CPU
		{23E1CB74-D037-404C-971C-4BFA8B923DAC}.Debug|x86.Build.0 = Debug|Any CPU
		{23E1CB74-D037-404C-971C-4BFA8B923DAC}.Release|Any CPU.ActiveCfg = Release|Any CPU
		{23E1CB74-D037-404C-971C-4BFA8B923DAC}.Release|Any CPU.Build.0 = Release|Any CPU
		{23E1CB74-D037-404C-971C-4BFA8B923DAC}.Release|x64.ActiveCfg = Release|Any CPU
		{23E1CB74-D037-404C-971C-4BFA8B923DAC}.Release|x64.Build.0 = Release|Any CPU
		{23E1CB74-D037-404C-971C-4BFA8B923DAC}.Release|x86.ActiveCfg = Release|Any CPU
		{23E1CB74-D037-404C-971C-4BFA8B923DAC}.Release|x86.Build.0 = Release|Any CPU
		{6C812A62-6528-4933-8069-A1893D521181}.Debug|Any CPU.ActiveCfg = Debug|Any CPU
		{6C812A62-6528-4933-8069-A1893D521181}.Debug|Any CPU.Build.0 = Debug|Any CPU
		{6C812A62-6528-4933-8069-A1893D521181}.Debug|x64.ActiveCfg = Debug|Any CPU
		{6C812A62-6528-4933-8069-A1893D521181}.Debug|x64.Build.0 = Debug|Any CPU
		{6C812A62-6528-4933-8069-A1893D521181}.Debug|x86.ActiveCfg = Debug|Any CPU
		{6C812A62-6528-4933-8069-A1893D521181}.Debug|x86.Build.0 = Debug|Any CPU
		{6C812A62-6528-4933-8069-A1893D521181}.Release|Any CPU.ActiveCfg = Release|Any CPU
		{6C812A62-6528-4933-8069-A1893D521181}.Release|Any CPU.Build.0 = Release|Any CPU
		{6C812A62-6528-4933-8069-A1893D521181}.Release|x64.ActiveCfg = Release|Any CPU
		{6C812A62-6528-4933-8069-A1893D521181}.Release|x64.Build.0 = Release|Any CPU
		{6C812A62-6528-4933-8069-A1893D521181}.Release|x86.ActiveCfg = Release|Any CPU
		{6C812A62-6528-4933-8069-A1893D521181}.Release|x86.Build.0 = Release|Any CPU
		{5B57625C-117B-4AA5-AC17-AB61C3B5C2C4}.Debug|Any CPU.ActiveCfg = Debug|Any CPU
		{5B57625C-117B-4AA5-AC17-AB61C3B5C2C4}.Debug|Any CPU.Build.0 = Debug|Any CPU
		{5B57625C-117B-4AA5-AC17-AB61C3B5C2C4}.Debug|x64.ActiveCfg = Debug|Any CPU
		{5B57625C-117B-4AA5-AC17-AB61C3B5C2C4}.Debug|x64.Build.0 = Debug|Any CPU
		{5B57625C-117B-4AA5-AC17-AB61C3B5C2C4}.Debug|x86.ActiveCfg = Debug|Any CPU
		{5B57625C-117B-4AA5-AC17-AB61C3B5C2C4}.Debug|x86.Build.0 = Debug|Any CPU
		{5B57625C-117B-4AA5-AC17-AB61C3B5C2C4}.Release|Any CPU.ActiveCfg = Release|Any CPU
		{5B57625C-117B-4AA5-AC17-AB61C3B5C2C4}.Release|Any CPU.Build.0 = Release|Any CPU
		{5B57625C-117B-4AA5-AC17-AB61C3B5C2C4}.Release|x64.ActiveCfg = Release|Any CPU
		{5B57625C-117B-4AA5-AC17-AB61C3B5C2C4}.Release|x64.Build.0 = Release|Any CPU
		{5B57625C-117B-4AA5-AC17-AB61C3B5C2C4}.Release|x86.ActiveCfg = Release|Any CPU
		{5B57625C-117B-4AA5-AC17-AB61C3B5C2C4}.Release|x86.Build.0 = Release|Any CPU
		{13F363FE-66FC-4315-A878-2646C2B5C7F8}.Debug|Any CPU.ActiveCfg = Debug|Any CPU
		{13F363FE-66FC-4315-A878-2646C2B5C7F8}.Debug|Any CPU.Build.0 = Debug|Any CPU
		{13F363FE-66FC-4315-A878-2646C2B5C7F8}.Debug|x64.ActiveCfg = Debug|Any CPU
		{13F363FE-66FC-4315-A878-2646C2B5C7F8}.Debug|x64.Build.0 = Debug|Any CPU
		{13F363FE-66FC-4315-A878-2646C2B5C7F8}.Debug|x86.ActiveCfg = Debug|Any CPU
		{13F363FE-66FC-4315-A878-2646C2B5C7F8}.Debug|x86.Build.0 = Debug|Any CPU
		{13F363FE-66FC-4315-A878-2646C2B5C7F8}.Release|Any CPU.ActiveCfg = Release|Any CPU
		{13F363FE-66FC-4315-A878-2646C2B5C7F8}.Release|Any CPU.Build.0 = Release|Any CPU
		{13F363FE-66FC-4315-A878-2646C2B5C7F8}.Release|x64.ActiveCfg = Release|Any CPU
		{13F363FE-66FC-4315-A878-2646C2B5C7F8}.Release|x64.Build.0 = Release|Any CPU
		{13F363FE-66FC-4315-A878-2646C2B5C7F8}.Release|x86.ActiveCfg = Release|Any CPU
		{13F363FE-66FC-4315-A878-2646C2B5C7F8}.Release|x86.Build.0 = Release|Any CPU
		{7CC77975-FA90-40A7-A690-9FF664090715}.Debug|Any CPU.ActiveCfg = Debug|Any CPU
		{7CC77975-FA90-40A7-A690-9FF664090715}.Debug|Any CPU.Build.0 = Debug|Any CPU
		{7CC77975-FA90-40A7-A690-9FF664090715}.Debug|x64.ActiveCfg = Debug|Any CPU
		{7CC77975-FA90-40A7-A690-9FF664090715}.Debug|x64.Build.0 = Debug|Any CPU
		{7CC77975-FA90-40A7-A690-9FF664090715}.Debug|x86.ActiveCfg = Debug|Any CPU
		{7CC77975-FA90-40A7-A690-9FF664090715}.Debug|x86.Build.0 = Debug|Any CPU
		{7CC77975-FA90-40A7-A690-9FF664090715}.Release|Any CPU.ActiveCfg = Release|Any CPU
		{7CC77975-FA90-40A7-A690-9FF664090715}.Release|Any CPU.Build.0 = Release|Any CPU
		{7CC77975-FA90-40A7-A690-9FF664090715}.Release|x64.ActiveCfg = Release|Any CPU
		{7CC77975-FA90-40A7-A690-9FF664090715}.Release|x64.Build.0 = Release|Any CPU
		{7CC77975-FA90-40A7-A690-9FF664090715}.Release|x86.ActiveCfg = Release|Any CPU
		{7CC77975-FA90-40A7-A690-9FF664090715}.Release|x86.Build.0 = Release|Any CPU
		{58D16304-254D-4B0D-A001-AFEE4954303F}.Debug|Any CPU.ActiveCfg = Debug|Any CPU
		{58D16304-254D-4B0D-A001-AFEE4954303F}.Debug|Any CPU.Build.0 = Debug|Any CPU
		{58D16304-254D-4B0D-A001-AFEE4954303F}.Debug|x64.ActiveCfg = Debug|Any CPU
		{58D16304-254D-4B0D-A001-AFEE4954303F}.Debug|x64.Build.0 = Debug|Any CPU
		{58D16304-254D-4B0D-A001-AFEE4954303F}.Debug|x86.ActiveCfg = Debug|Any CPU
		{58D16304-254D-4B0D-A001-AFEE4954303F}.Debug|x86.Build.0 = Debug|Any CPU
		{58D16304-254D-4B0D-A001-AFEE4954303F}.Release|Any CPU.ActiveCfg = Release|Any CPU
		{58D16304-254D-4B0D-A001-AFEE4954303F}.Release|Any CPU.Build.0 = Release|Any CPU
		{58D16304-254D-4B0D-A001-AFEE4954303F}.Release|x64.ActiveCfg = Release|Any CPU
		{58D16304-254D-4B0D-A001-AFEE4954303F}.Release|x64.Build.0 = Release|Any CPU
		{58D16304-254D-4B0D-A001-AFEE4954303F}.Release|x86.ActiveCfg = Release|Any CPU
		{58D16304-254D-4B0D-A001-AFEE4954303F}.Release|x86.Build.0 = Release|Any CPU
		{8570FB49-3D61-430B-AD67-DD57AF9CD010}.Debug|Any CPU.ActiveCfg = Debug|Any CPU
		{8570FB49-3D61-430B-AD67-DD57AF9CD010}.Debug|Any CPU.Build.0 = Debug|Any CPU
		{8570FB49-3D61-430B-AD67-DD57AF9CD010}.Debug|x64.ActiveCfg = Debug|Any CPU
		{8570FB49-3D61-430B-AD67-DD57AF9CD010}.Debug|x64.Build.0 = Debug|Any CPU
		{8570FB49-3D61-430B-AD67-DD57AF9CD010}.Debug|x86.ActiveCfg = Debug|Any CPU
		{8570FB49-3D61-430B-AD67-DD57AF9CD010}.Debug|x86.Build.0 = Debug|Any CPU
		{8570FB49-3D61-430B-AD67-DD57AF9CD010}.Release|Any CPU.ActiveCfg = Release|Any CPU
		{8570FB49-3D61-430B-AD67-DD57AF9CD010}.Release|Any CPU.Build.0 = Release|Any CPU
		{8570FB49-3D61-430B-AD67-DD57AF9CD010}.Release|x64.ActiveCfg = Release|Any CPU
		{8570FB49-3D61-430B-AD67-DD57AF9CD010}.Release|x64.Build.0 = Release|Any CPU
		{8570FB49-3D61-430B-AD67-DD57AF9CD010}.Release|x86.ActiveCfg = Release|Any CPU
		{8570FB49-3D61-430B-AD67-DD57AF9CD010}.Release|x86.Build.0 = Release|Any CPU
	EndGlobalSection
	GlobalSection(SolutionProperties) = preSolution
		HideSolutionNode = FALSE
	EndGlobalSection
	GlobalSection(NestedProjects) = preSolution
		{FCA01246-F2C6-0AA7-D43F-FD13BE0B9D88} = {827E0CD3-B72D-47B6-A68D-7590B98EB39B}
		{D132BC79-5296-4729-B5CD-EF6F87D7661C} = {FCA01246-F2C6-0AA7-D43F-FD13BE0B9D88}
		{C8E42992-5E42-0C2B-DBFE-AA848D06431C} = {827E0CD3-B72D-47B6-A68D-7590B98EB39B}
		{78E0456B-7C61-4221-84D5-F128DF5CD165} = {C8E42992-5E42-0C2B-DBFE-AA848D06431C}
		{554FCEBC-5147-4308-972A-5E308B83A4F4} = {C8E42992-5E42-0C2B-DBFE-AA848D06431C}
		{984BB9B3-3FA3-BE33-9484-CAC21695A33C} = {827E0CD3-B72D-47B6-A68D-7590B98EB39B}
		{1BFC9479-12BF-35C3-06B8-42D89D95092B} = {984BB9B3-3FA3-BE33-9484-CAC21695A33C}
		{7575327D-4E27-4404-91A0-D94D4E0307E9} = {1BFC9479-12BF-35C3-06B8-42D89D95092B}
		{1DFC9F43-8B40-4E37-93D4-1007E75810D5} = {1BFC9479-12BF-35C3-06B8-42D89D95092B}
		{C91C1CF1-1625-0789-F869-53D87D6277BA} = {984BB9B3-3FA3-BE33-9484-CAC21695A33C}
		{5007DD3D-E256-44BB-B61B-717EC3F3BB8A} = {C91C1CF1-1625-0789-F869-53D87D6277BA}
		{CA15E31E-CB60-F235-5CDF-2E527A86A72C} = {984BB9B3-3FA3-BE33-9484-CAC21695A33C}
		{50554425-4ED7-4D13-ABDC-78CFE4D7AC9C} = {CA15E31E-CB60-F235-5CDF-2E527A86A72C}
		{4CDD927D-F712-4341-BF8C-8A42DAC039E8} = {CA15E31E-CB60-F235-5CDF-2E527A86A72C}
		{569012BB-6CA1-40F0-8AA8-4E4F8DBBEB70} = {CA15E31E-CB60-F235-5CDF-2E527A86A72C}
		{EC909AAF-F397-4F36-8948-11B38B478566} = {CA15E31E-CB60-F235-5CDF-2E527A86A72C}
		{2FDDA64B-87FF-4EAF-ABB2-C5E540D3FDC6} = {CA15E31E-CB60-F235-5CDF-2E527A86A72C}
		{B851199A-4979-E597-3D50-97AC5992BBAF} = {984BB9B3-3FA3-BE33-9484-CAC21695A33C}
		{ADA21898-E884-4F78-9777-80D844C416CF} = {B851199A-4979-E597-3D50-97AC5992BBAF}
		{23E1CB74-D037-404C-971C-4BFA8B923DAC} = {B851199A-4979-E597-3D50-97AC5992BBAF}
		{6C812A62-6528-4933-8069-A1893D521181} = {B851199A-4979-E597-3D50-97AC5992BBAF}
		{5B57625C-117B-4AA5-AC17-AB61C3B5C2C4} = {B851199A-4979-E597-3D50-97AC5992BBAF}
		{13F363FE-66FC-4315-A878-2646C2B5C7F8} = {B851199A-4979-E597-3D50-97AC5992BBAF}
		{3FB03296-F262-2760-9861-73C41AF3766C} = {984BB9B3-3FA3-BE33-9484-CAC21695A33C}
		{7CC77975-FA90-40A7-A690-9FF664090715} = {3FB03296-F262-2760-9861-73C41AF3766C}
		{58D16304-254D-4B0D-A001-AFEE4954303F} = {3FB03296-F262-2760-9861-73C41AF3766C}
		{8570FB49-3D61-430B-AD67-DD57AF9CD010} = {0AB3BF05-4346-4AA6-1389-037BE0695223}
	EndGlobalSection
EndGlobal
